
Microsoft Visual Studio Solution File, Format Version 12.00
# Visual Studio 15
VisualStudioVersion = 15.0.26730.15
MinimumVisualStudioVersion = 10.0.40219.1
Project("{FAE04EC0-301F-11D3-BF4B-00C04F79EFBC}") = "Client", "Client\Client.csproj", "{508A9AF5-9CE5-4779-BB3E-E0BFC1A9A700}"
EndProject
Project("{FAE04EC0-301F-11D3-BF4B-00C04F79EFBC}") = "Server", "Server\Server.csproj", "{1B1D797D-72C0-4DA4-BF7D-F37374883F6E}"
EndProject
Project("{D954291E-2A0B-460D-934E-DC6B0785DB48}") = "Shared", "Shared\Shared.shproj", "{E3936B8F-720B-4E75-A961-EC9231FDA45B}"
EndProject
Global
	GlobalSection(SharedMSBuildProjectFiles) = preSolution
		Shared\Shared.projitems*{e3936b8f-720b-4e75-a961-ec9231fda45b}*SharedItemsImports = 13
	EndGlobalSection
	GlobalSection(SolutionConfigurationPlatforms) = preSolution
		Debug|Any CPU = Debug|Any CPU
		Release|Any CPU = Release|Any CPU
	EndGlobalSection
	GlobalSection(ProjectConfigurationPlatforms) = postSolution
		{508A9AF5-9CE5-4779-BB3E-E0BFC1A9A700}.Debug|Any CPU.ActiveCfg = Debug|Any CPU
		{508A9AF5-9CE5-4779-BB3E-E0BFC1A9A700}.Debug|Any CPU.Build.0 = Debug|Any CPU
		{508A9AF5-9CE5-4779-BB3E-E0BFC1A9A700}.Release|Any CPU.ActiveCfg = Release|Any CPU
		{508A9AF5-9CE5-4779-BB3E-E0BFC1A9A700}.Release|Any CPU.Build.0 = Release|Any CPU
		{1B1D797D-72C0-4DA4-BF7D-F37374883F6E}.Debug|Any CPU.ActiveCfg = Debug|Any CPU
		{1B1D797D-72C0-4DA4-BF7D-F37374883F6E}.Debug|Any CPU.Build.0 = Debug|Any CPU
		{1B1D797D-72C0-4DA4-BF7D-F37374883F6E}.Release|Any CPU.ActiveCfg = Release|Any CPU
		{1B1D797D-72C0-4DA4-BF7D-F37374883F6E}.Release|Any CPU.Build.0 = Release|Any CPU
	EndGlobalSection
	GlobalSection(SolutionProperties) = preSolution
		HideSolutionNode = FALSE
	EndGlobalSection
	GlobalSection(ExtensibilityGlobals) = postSolution
		SolutionGuid = {230B5516-64F2-4F7F-A8E2-B05B4605DEE1}
	EndGlobalSection
EndGlobal
